// !$*UTF8*$!
{
	archiveVersion = 1;
	classes = {
	};
	objectVersion = 46;
	objects = {

/* Begin PBXBuildFile section */
		047491311D35FF590069903F /* AppDelegate.swift in Sources */ = {isa = PBXBuildFile; fileRef = 047491301D35FF590069903F /* AppDelegate.swift */; };
		047491361D35FF590069903F /* Main.storyboard in Resources */ = {isa = PBXBuildFile; fileRef = 047491341D35FF590069903F /* Main.storyboard */; };
		047491381D35FF590069903F /* Assets.xcassets in Resources */ = {isa = PBXBuildFile; fileRef = 047491371D35FF590069903F /* Assets.xcassets */; };
		0474913B1D35FF590069903F /* LaunchScreen.storyboard in Resources */ = {isa = PBXBuildFile; fileRef = 047491391D35FF590069903F /* LaunchScreen.storyboard */; };
		047491461D35FF5A0069903F /* ProjectProblemTests.swift in Sources */ = {isa = PBXBuildFile; fileRef = 047491451D35FF5A0069903F /* ProjectProblemTests.swift */; };
		047491511D35FF5A0069903F /* ProjectProblemUITests.swift in Sources */ = {isa = PBXBuildFile; fileRef = 047491501D35FF5A0069903F /* ProjectProblemUITests.swift */; };
		04BF4B391D36014600732871 /* MainTableViewController.swift in Sources */ = {isa = PBXBuildFile; fileRef = 04BF4B381D36014600732871 /* MainTableViewController.swift */; };
		04BF4B3E1D3602E300732871 /* Model.swift in Sources */ = {isa = PBXBuildFile; fileRef = 04BF4B3D1D3602E300732871 /* Model.swift */; };
		04BF4B401D36031D00732871 /* ModelFactory.swift in Sources */ = {isa = PBXBuildFile; fileRef = 04BF4B3F1D36031D00732871 /* ModelFactory.swift */; };
		04BF4B421D36034D00732871 /* IModelFactory.swift in Sources */ = {isa = PBXBuildFile; fileRef = 04BF4B411D36034D00732871 /* IModelFactory.swift */; };
		04BF4B431D36034D00732871 /* IModelFactory.swift in Sources */ = {isa = PBXBuildFile; fileRef = 04BF4B411D36034D00732871 /* IModelFactory.swift */; };
		04BF4B451D36043800732871 /* MainMediator.swift in Sources */ = {isa = PBXBuildFile; fileRef = 04BF4B441D36043800732871 /* MainMediator.swift */; };
		04BF4B461D36043800732871 /* MainMediator.swift in Sources */ = {isa = PBXBuildFile; fileRef = 04BF4B441D36043800732871 /* MainMediator.swift */; };
		04BF4B481D3620BA00732871 /* IFileBrowserCommands.swift in Sources */ = {isa = PBXBuildFile; fileRef = 04BF4B471D3620BA00732871 /* IFileBrowserCommands.swift */; };
		04BF4B491D3620BA00732871 /* IFileBrowserCommands.swift in Sources */ = {isa = PBXBuildFile; fileRef = 04BF4B471D3620BA00732871 /* IFileBrowserCommands.swift */; };
		04BF4B4B1D3620DF00732871 /* FileBrowserCommands.swift in Sources */ = {isa = PBXBuildFile; fileRef = 04BF4B4A1D3620DF00732871 /* FileBrowserCommands.swift */; };
		04BF4B4C1D3620DF00732871 /* FileBrowserCommands.swift in Sources */ = {isa = PBXBuildFile; fileRef = 04BF4B4A1D3620DF00732871 /* FileBrowserCommands.swift */; };
		04BF4B4E1D3621B500732871 /* FileModel.swift in Sources */ = {isa = PBXBuildFile; fileRef = 04BF4B4D1D3621B500732871 /* FileModel.swift */; };
		04BF4B4F1D3621B500732871 /* FileModel.swift in Sources */ = {isa = PBXBuildFile; fileRef = 04BF4B4D1D3621B500732871 /* FileModel.swift */; };
		04BF4B511D3629D800732871 /* FileUI.swift in Sources */ = {isa = PBXBuildFile; fileRef = 04BF4B501D3629D800732871 /* FileUI.swift */; };
		04BF4B521D3629D800732871 /* FileUI.swift in Sources */ = {isa = PBXBuildFile; fileRef = 04BF4B501D3629D800732871 /* FileUI.swift */; };
		04BF4B541D36309700732871 /* IFileSystemProxy.swift in Sources */ = {isa = PBXBuildFile; fileRef = 04BF4B531D36309700732871 /* IFileSystemProxy.swift */; };
		04BF4B551D36309700732871 /* IFileSystemProxy.swift in Sources */ = {isa = PBXBuildFile; fileRef = 04BF4B531D36309700732871 /* IFileSystemProxy.swift */; };
		04BF4B571D3630AF00732871 /* FileSystemProxy.swift in Sources */ = {isa = PBXBuildFile; fileRef = 04BF4B561D3630AF00732871 /* FileSystemProxy.swift */; };
		04BF4B591D36492000732871 /* coke_disc.png in Resources */ = {isa = PBXBuildFile; fileRef = 04BF4B581D36492000732871 /* coke_disc.png */; };
		04BF4B5B1D36492A00732871 /* pepsi-jpg.jpg in Resources */ = {isa = PBXBuildFile; fileRef = 04BF4B5A1D36492A00732871 /* pepsi-jpg.jpg */; };
		04BF4B5D1D36601600732871 /* ILoggerProxy.swift in Sources */ = {isa = PBXBuildFile; fileRef = 04BF4B5C1D36601600732871 /* ILoggerProxy.swift */; };
		04BF4B5E1D36601600732871 /* ILoggerProxy.swift in Sources */ = {isa = PBXBuildFile; fileRef = 04BF4B5C1D36601600732871 /* ILoggerProxy.swift */; };
		04BF4B621D36608C00732871 /* LoggerProxy.swift in Sources */ = {isa = PBXBuildFile; fileRef = 04BF4B611D36608C00732871 /* LoggerProxy.swift */; };
		04BF4B641D366F6A00732871 /* ModelFactoryMock.swift in Sources */ = {isa = PBXBuildFile; fileRef = 04BF4B631D366F6A00732871 /* ModelFactoryMock.swift */; };
		04BF4B651D366F6A00732871 /* ModelFactoryMock.swift in Sources */ = {isa = PBXBuildFile; fileRef = 04BF4B631D366F6A00732871 /* ModelFactoryMock.swift */; };
		04BF4B661D366FB000732871 /* MainMediator.swift in Sources */ = {isa = PBXBuildFile; fileRef = 04BF4B441D36043800732871 /* MainMediator.swift */; };
		04BF4B6B1D36703000732871 /* FileSystemProxyMock.swift in Sources */ = {isa = PBXBuildFile; fileRef = 04BF4B6A1D36703000732871 /* FileSystemProxyMock.swift */; };
		04BF4B6C1D36703000732871 /* FileSystemProxyMock.swift in Sources */ = {isa = PBXBuildFile; fileRef = 04BF4B6A1D36703000732871 /* FileSystemProxyMock.swift */; };
		04BF4B6E1D36706E00732871 /* LoggerProxyMock.swift in Sources */ = {isa = PBXBuildFile; fileRef = 04BF4B6D1D36706E00732871 /* LoggerProxyMock.swift */; };
		04BF4B6F1D36706E00732871 /* LoggerProxyMock.swift in Sources */ = {isa = PBXBuildFile; fileRef = 04BF4B6D1D36706E00732871 /* LoggerProxyMock.swift */; };
		04BF4B701D3670C400732871 /* IFileBrowserCommands.swift in Sources */ = {isa = PBXBuildFile; fileRef = 04BF4B471D3620BA00732871 /* IFileBrowserCommands.swift */; };
		04BF4B711D3670F400732871 /* IModelFactory.swift in Sources */ = {isa = PBXBuildFile; fileRef = 04BF4B411D36034D00732871 /* IModelFactory.swift */; };
		04BF4B721D3671F200732871 /* IFileSystemProxy.swift in Sources */ = {isa = PBXBuildFile; fileRef = 04BF4B531D36309700732871 /* IFileSystemProxy.swift */; };
		04BF4B731D36724000732871 /* FileUI.swift in Sources */ = {isa = PBXBuildFile; fileRef = 04BF4B501D3629D800732871 /* FileUI.swift */; };
		04BF4B741D36724E00732871 /* ILoggerProxy.swift in Sources */ = {isa = PBXBuildFile; fileRef = 04BF4B5C1D36601600732871 /* ILoggerProxy.swift */; };
		04BF4B751D36743400732871 /* FileBrowserCommands.swift in Sources */ = {isa = PBXBuildFile; fileRef = 04BF4B4A1D3620DF00732871 /* FileBrowserCommands.swift */; };
		04BF4B761D3674E400732871 /* FileModel.swift in Sources */ = {isa = PBXBuildFile; fileRef = 04BF4B4D1D3621B500732871 /* FileModel.swift */; };
/* End PBXBuildFile section */

/* Begin PBXContainerItemProxy section */
		047491421D35FF5A0069903F /* PBXContainerItemProxy */ = {
			isa = PBXContainerItemProxy;
			containerPortal = 047491251D35FF590069903F /* Project object */;
			proxyType = 1;
			remoteGlobalIDString = 0474912C1D35FF590069903F;
			remoteInfo = ProjectProblem;
		};
		0474914D1D35FF5A0069903F /* PBXContainerItemProxy */ = {
			isa = PBXContainerItemProxy;
			containerPortal = 047491251D35FF590069903F /* Project object */;
			proxyType = 1;
			remoteGlobalIDString = 0474912C1D35FF590069903F;
			remoteInfo = ProjectProblem;
		};
/* End PBXContainerItemProxy section */

/* Begin PBXFileReference section */
		0474912D1D35FF590069903F /* ProjectProblem.app */ = {isa = PBXFileReference; explicitFileType = wrapper.application; includeInIndex = 0; path = ProjectProblem.app; sourceTree = BUILT_PRODUCTS_DIR; };
		047491301D35FF590069903F /* AppDelegate.swift */ = {isa = PBXFileReference; lastKnownFileType = sourcecode.swift; path = AppDelegate.swift; sourceTree = "<group>"; };
		047491351D35FF590069903F /* Base */ = {isa = PBXFileReference; lastKnownFileType = file.storyboard; name = Base; path = Base.lproj/Main.storyboard; sourceTree = "<group>"; };
		047491371D35FF590069903F /* Assets.xcassets */ = {isa = PBXFileReference; lastKnownFileType = folder.assetcatalog; path = Assets.xcassets; sourceTree = "<group>"; };
		0474913A1D35FF590069903F /* Base */ = {isa = PBXFileReference; lastKnownFileType = file.storyboard; name = Base; path = Base.lproj/LaunchScreen.storyboard; sourceTree = "<group>"; };
		0474913C1D35FF590069903F /* Info.plist */ = {isa = PBXFileReference; lastKnownFileType = text.plist.xml; path = Info.plist; sourceTree = "<group>"; };
		047491411D35FF5A0069903F /* ProjectProblemTests.xctest */ = {isa = PBXFileReference; explicitFileType = wrapper.cfbundle; includeInIndex = 0; path = ProjectProblemTests.xctest; sourceTree = BUILT_PRODUCTS_DIR; };
		047491451D35FF5A0069903F /* ProjectProblemTests.swift */ = {isa = PBXFileReference; lastKnownFileType = sourcecode.swift; path = ProjectProblemTests.swift; sourceTree = "<group>"; };
		047491471D35FF5A0069903F /* Info.plist */ = {isa = PBXFileReference; lastKnownFileType = text.plist.xml; path = Info.plist; sourceTree = "<group>"; };
		0474914C1D35FF5A0069903F /* ProjectProblemUITests.xctest */ = {isa = PBXFileReference; explicitFileType = wrapper.cfbundle; includeInIndex = 0; path = ProjectProblemUITests.xctest; sourceTree = BUILT_PRODUCTS_DIR; };
		047491501D35FF5A0069903F /* ProjectProblemUITests.swift */ = {isa = PBXFileReference; lastKnownFileType = sourcecode.swift; path = ProjectProblemUITests.swift; sourceTree = "<group>"; };
		047491521D35FF5A0069903F /* Info.plist */ = {isa = PBXFileReference; lastKnownFileType = text.plist.xml; path = Info.plist; sourceTree = "<group>"; };
		04BF4B381D36014600732871 /* MainTableViewController.swift */ = {isa = PBXFileReference; fileEncoding = 4; lastKnownFileType = sourcecode.swift; path = MainTableViewController.swift; sourceTree = "<group>"; };
		04BF4B3D1D3602E300732871 /* Model.swift */ = {isa = PBXFileReference; fileEncoding = 4; lastKnownFileType = sourcecode.swift; path = Model.swift; sourceTree = "<group>"; };
		04BF4B3F1D36031D00732871 /* ModelFactory.swift */ = {isa = PBXFileReference; fileEncoding = 4; lastKnownFileType = sourcecode.swift; path = ModelFactory.swift; sourceTree = "<group>"; };
		04BF4B411D36034D00732871 /* IModelFactory.swift */ = {isa = PBXFileReference; fileEncoding = 4; lastKnownFileType = sourcecode.swift; path = IModelFactory.swift; sourceTree = "<group>"; };
		04BF4B441D36043800732871 /* MainMediator.swift */ = {isa = PBXFileReference; fileEncoding = 4; lastKnownFileType = sourcecode.swift; path = MainMediator.swift; sourceTree = "<group>"; };
		04BF4B471D3620BA00732871 /* IFileBrowserCommands.swift */ = {isa = PBXFileReference; fileEncoding = 4; lastKnownFileType = sourcecode.swift; path = IFileBrowserCommands.swift; sourceTree = "<group>"; };
		04BF4B4A1D3620DF00732871 /* FileBrowserCommands.swift */ = {isa = PBXFileReference; fileEncoding = 4; lastKnownFileType = sourcecode.swift; path = FileBrowserCommands.swift; sourceTree = "<group>"; };
		04BF4B4D1D3621B500732871 /* FileModel.swift */ = {isa = PBXFileReference; fileEncoding = 4; lastKnownFileType = sourcecode.swift; path = FileModel.swift; sourceTree = "<group>"; };
		04BF4B501D3629D800732871 /* FileUI.swift */ = {isa = PBXFileReference; fileEncoding = 4; lastKnownFileType = sourcecode.swift; path = FileUI.swift; sourceTree = "<group>"; };
		04BF4B531D36309700732871 /* IFileSystemProxy.swift */ = {isa = PBXFileReference; fileEncoding = 4; lastKnownFileType = sourcecode.swift; path = IFileSystemProxy.swift; sourceTree = "<group>"; };
		04BF4B561D3630AF00732871 /* FileSystemProxy.swift */ = {isa = PBXFileReference; fileEncoding = 4; lastKnownFileType = sourcecode.swift; path = FileSystemProxy.swift; sourceTree = "<group>"; };
		04BF4B581D36492000732871 /* coke_disc.png */ = {isa = PBXFileReference; lastKnownFileType = image.png; path = coke_disc.png; sourceTree = "<group>"; };
		04BF4B5A1D36492A00732871 /* pepsi-jpg.jpg */ = {isa = PBXFileReference; lastKnownFileType = image.jpeg; path = "pepsi-jpg.jpg"; sourceTree = "<group>"; };
		04BF4B5C1D36601600732871 /* ILoggerProxy.swift */ = {isa = PBXFileReference; fileEncoding = 4; lastKnownFileType = sourcecode.swift; path = ILoggerProxy.swift; sourceTree = "<group>"; };
		04BF4B611D36608C00732871 /* LoggerProxy.swift */ = {isa = PBXFileReference; fileEncoding = 4; lastKnownFileType = sourcecode.swift; path = LoggerProxy.swift; sourceTree = "<group>"; };
		04BF4B631D366F6A00732871 /* ModelFactoryMock.swift */ = {isa = PBXFileReference; fileEncoding = 4; lastKnownFileType = sourcecode.swift; path = ModelFactoryMock.swift; sourceTree = "<group>"; };
		04BF4B6A1D36703000732871 /* FileSystemProxyMock.swift */ = {isa = PBXFileReference; fileEncoding = 4; lastKnownFileType = sourcecode.swift; path = FileSystemProxyMock.swift; sourceTree = "<group>"; };
		04BF4B6D1D36706E00732871 /* LoggerProxyMock.swift */ = {isa = PBXFileReference; fileEncoding = 4; lastKnownFileType = sourcecode.swift; path = LoggerProxyMock.swift; sourceTree = "<group>"; };
/* End PBXFileReference section */

/* Begin PBXFrameworksBuildPhase section */
		0474912A1D35FF590069903F /* Frameworks */ = {
			isa = PBXFrameworksBuildPhase;
			buildActionMask = 2147483647;
			files = (
			);
			runOnlyForDeploymentPostprocessing = 0;
		};
		0474913E1D35FF5A0069903F /* Frameworks */ = {
			isa = PBXFrameworksBuildPhase;
			buildActionMask = 2147483647;
			files = (
			);
			runOnlyForDeploymentPostprocessing = 0;
		};
		047491491D35FF5A0069903F /* Frameworks */ = {
			isa = PBXFrameworksBuildPhase;
			buildActionMask = 2147483647;
			files = (
			);
			runOnlyForDeploymentPostprocessing = 0;
		};
/* End PBXFrameworksBuildPhase section */

/* Begin PBXGroup section */
		047491241D35FF590069903F = {
			isa = PBXGroup;
			children = (
				0474912F1D35FF590069903F /* ProjectProblem */,
				047491441D35FF5A0069903F /* ProjectProblemTests */,
				0474914F1D35FF5A0069903F /* ProjectProblemUITests */,
				0474912E1D35FF590069903F /* Products */,
			);
			sourceTree = "<group>";
		};
		0474912E1D35FF590069903F /* Products */ = {
			isa = PBXGroup;
			children = (
				0474912D1D35FF590069903F /* ProjectProblem.app */,
				047491411D35FF5A0069903F /* ProjectProblemTests.xctest */,
				0474914C1D35FF5A0069903F /* ProjectProblemUITests.xctest */,
			);
			name = Products;
			sourceTree = "<group>";
		};
		0474912F1D35FF590069903F /* ProjectProblem */ = {
			isa = PBXGroup;
			children = (
				04BF4B3A1D36015900732871 /* Model */,
				04BF4B3B1D36015F00732871 /* View */,
				04BF4B3C1D36016600732871 /* Controller */,
				04BF4B3D1D3602E300732871 /* Model.swift */,
				04BF4B3F1D36031D00732871 /* ModelFactory.swift */,
				04BF4B411D36034D00732871 /* IModelFactory.swift */,
				047491301D35FF590069903F /* AppDelegate.swift */,
				047491341D35FF590069903F /* Main.storyboard */,
				047491371D35FF590069903F /* Assets.xcassets */,
				047491391D35FF590069903F /* LaunchScreen.storyboard */,
				0474913C1D35FF590069903F /* Info.plist */,
				04BF4B581D36492000732871 /* coke_disc.png */,
				04BF4B5A1D36492A00732871 /* pepsi-jpg.jpg */,
			);
			path = ProjectProblem;
			sourceTree = "<group>";
		};
		047491441D35FF5A0069903F /* ProjectProblemTests */ = {
			isa = PBXGroup;
			children = (
				047491451D35FF5A0069903F /* ProjectProblemTests.swift */,
				047491471D35FF5A0069903F /* Info.plist */,
			);
			path = ProjectProblemTests;
			sourceTree = "<group>";
		};
		0474914F1D35FF5A0069903F /* ProjectProblemUITests */ = {
			isa = PBXGroup;
			children = (
				04BF4B6A1D36703000732871 /* FileSystemProxyMock.swift */,
				04BF4B6D1D36706E00732871 /* LoggerProxyMock.swift */,
				04BF4B631D366F6A00732871 /* ModelFactoryMock.swift */,
				047491501D35FF5A0069903F /* ProjectProblemUITests.swift */,
				047491521D35FF5A0069903F /* Info.plist */,
			);
			path = ProjectProblemUITests;
			sourceTree = "<group>";
		};
		04BF4B3A1D36015900732871 /* Model */ = {
			isa = PBXGroup;
			children = (
				04BF4B4D1D3621B500732871 /* FileModel.swift */,
				04BF4B531D36309700732871 /* IFileSystemProxy.swift */,
				04BF4B561D3630AF00732871 /* FileSystemProxy.swift */,
				04BF4B5C1D36601600732871 /* ILoggerProxy.swift */,
				04BF4B611D36608C00732871 /* LoggerProxy.swift */,
			);
			name = Model;
			sourceTree = "<group>";
		};
		04BF4B3B1D36015F00732871 /* View */ = {
			isa = PBXGroup;
			children = (
				04BF4B381D36014600732871 /* MainTableViewController.swift */,
				04BF4B441D36043800732871 /* MainMediator.swift */,
				04BF4B501D3629D800732871 /* FileUI.swift */,
			);
			name = View;
			sourceTree = "<group>";
		};
		04BF4B3C1D36016600732871 /* Controller */ = {
			isa = PBXGroup;
			children = (
				04BF4B471D3620BA00732871 /* IFileBrowserCommands.swift */,
				04BF4B4A1D3620DF00732871 /* FileBrowserCommands.swift */,
			);
			name = Controller;
			sourceTree = "<group>";
		};
/* End PBXGroup section */

/* Begin PBXNativeTarget section */
		0474912C1D35FF590069903F /* ProjectProblem */ = {
			isa = PBXNativeTarget;
			buildConfigurationList = 047491551D35FF5A0069903F /* Build configuration list for PBXNativeTarget "ProjectProblem" */;
			buildPhases = (
				047491291D35FF590069903F /* Sources */,
				0474912A1D35FF590069903F /* Frameworks */,
				0474912B1D35FF590069903F /* Resources */,
			);
			buildRules = (
			);
			dependencies = (
			);
			name = ProjectProblem;
			productName = ProjectProblem;
			productReference = 0474912D1D35FF590069903F /* ProjectProblem.app */;
			productType = "com.apple.product-type.application";
		};
		047491401D35FF5A0069903F /* ProjectProblemTests */ = {
			isa = PBXNativeTarget;
			buildConfigurationList = 047491581D35FF5A0069903F /* Build configuration list for PBXNativeTarget "ProjectProblemTests" */;
			buildPhases = (
				0474913D1D35FF5A0069903F /* Sources */,
				0474913E1D35FF5A0069903F /* Frameworks */,
				0474913F1D35FF5A0069903F /* Resources */,
			);
			buildRules = (
			);
			dependencies = (
				047491431D35FF5A0069903F /* PBXTargetDependency */,
			);
			name = ProjectProblemTests;
			productName = ProjectProblemTests;
			productReference = 047491411D35FF5A0069903F /* ProjectProblemTests.xctest */;
			productType = "com.apple.product-type.bundle.unit-test";
		};
		0474914B1D35FF5A0069903F /* ProjectProblemUITests */ = {
			isa = PBXNativeTarget;
			buildConfigurationList = 0474915B1D35FF5A0069903F /* Build configuration list for PBXNativeTarget "ProjectProblemUITests" */;
			buildPhases = (
				047491481D35FF5A0069903F /* Sources */,
				047491491D35FF5A0069903F /* Frameworks */,
				0474914A1D35FF5A0069903F /* Resources */,
			);
			buildRules = (
			);
			dependencies = (
				0474914E1D35FF5A0069903F /* PBXTargetDependency */,
			);
			name = ProjectProblemUITests;
			productName = ProjectProblemUITests;
			productReference = 0474914C1D35FF5A0069903F /* ProjectProblemUITests.xctest */;
			productType = "com.apple.product-type.bundle.ui-testing";
		};
/* End PBXNativeTarget section */

/* Begin PBXProject section */
		047491251D35FF590069903F /* Project object */ = {
			isa = PBXProject;
			attributes = {
				LastSwiftUpdateCheck = 0730;
				LastUpgradeCheck = 0730;
				TargetAttributes = {
					0474912C1D35FF590069903F = {
						CreatedOnToolsVersion = 7.3.1;
					};
					047491401D35FF5A0069903F = {
						CreatedOnToolsVersion = 7.3.1;
						TestTargetID = 0474912C1D35FF590069903F;
					};
					0474914B1D35FF5A0069903F = {
						CreatedOnToolsVersion = 7.3.1;
						TestTargetID = 0474912C1D35FF590069903F;
					};
				};
			};
			buildConfigurationList = 047491281D35FF590069903F /* Build configuration list for PBXProject "ProjectProblem" */;
			compatibilityVersion = "Xcode 3.2";
			developmentRegion = English;
			hasScannedForEncodings = 0;
			knownRegions = (
				en,
				Base,
			);
			mainGroup = 047491241D35FF590069903F;
			productRefGroup = 0474912E1D35FF590069903F /* Products */;
			projectDirPath = "";
			projectRoot = "";
			targets = (
				0474912C1D35FF590069903F /* ProjectProblem */,
				047491401D35FF5A0069903F /* ProjectProblemTests */,
				0474914B1D35FF5A0069903F /* ProjectProblemUITests */,
			);
		};
/* End PBXProject section */

/* Begin PBXResourcesBuildPhase section */
		0474912B1D35FF590069903F /* Resources */ = {
			isa = PBXResourcesBuildPhase;
			buildActionMask = 2147483647;
			files = (
				04BF4B591D36492000732871 /* coke_disc.png in Resources */,
				0474913B1D35FF590069903F /* LaunchScreen.storyboard in Resources */,
				047491381D35FF590069903F /* Assets.xcassets in Resources */,
				047491361D35FF590069903F /* Main.storyboard in Resources */,
				04BF4B5B1D36492A00732871 /* pepsi-jpg.jpg in Resources */,
			);
			runOnlyForDeploymentPostprocessing = 0;
		};
		0474913F1D35FF5A0069903F /* Resources */ = {
			isa = PBXResourcesBuildPhase;
			buildActionMask = 2147483647;
			files = (
			);
			runOnlyForDeploymentPostprocessing = 0;
		};
		0474914A1D35FF5A0069903F /* Resources */ = {
			isa = PBXResourcesBuildPhase;
			buildActionMask = 2147483647;
			files = (
			);
			runOnlyForDeploymentPostprocessing = 0;
		};
/* End PBXResourcesBuildPhase section */

/* Begin PBXSourcesBuildPhase section */
		047491291D35FF590069903F /* Sources */ = {
			isa = PBXSourcesBuildPhase;
			buildActionMask = 2147483647;
			files = (
				04BF4B451D36043800732871 /* MainMediator.swift in Sources */,
				04BF4B511D3629D800732871 /* FileUI.swift in Sources */,
				04BF4B401D36031D00732871 /* ModelFactory.swift in Sources */,
				04BF4B4B1D3620DF00732871 /* FileBrowserCommands.swift in Sources */,
				04BF4B391D36014600732871 /* MainTableViewController.swift in Sources */,
				04BF4B6B1D36703000732871 /* FileSystemProxyMock.swift in Sources */,
				047491311D35FF590069903F /* AppDelegate.swift in Sources */,
				04BF4B621D36608C00732871 /* LoggerProxy.swift in Sources */,
				04BF4B481D3620BA00732871 /* IFileBrowserCommands.swift in Sources */,
				04BF4B421D36034D00732871 /* IModelFactory.swift in Sources */,
				04BF4B4E1D3621B500732871 /* FileModel.swift in Sources */,
				04BF4B541D36309700732871 /* IFileSystemProxy.swift in Sources */,
				04BF4B641D366F6A00732871 /* ModelFactoryMock.swift in Sources */,
				04BF4B6E1D36706E00732871 /* LoggerProxyMock.swift in Sources */,
				04BF4B3E1D3602E300732871 /* Model.swift in Sources */,
				04BF4B571D3630AF00732871 /* FileSystemProxy.swift in Sources */,
				04BF4B5D1D36601600732871 /* ILoggerProxy.swift in Sources */,
			);
			runOnlyForDeploymentPostprocessing = 0;
		};
		0474913D1D35FF5A0069903F /* Sources */ = {
			isa = PBXSourcesBuildPhase;
			buildActionMask = 2147483647;
			files = (
				04BF4B491D3620BA00732871 /* IFileBrowserCommands.swift in Sources */,
				04BF4B551D36309700732871 /* IFileSystemProxy.swift in Sources */,
				04BF4B521D3629D800732871 /* FileUI.swift in Sources */,
				04BF4B4F1D3621B500732871 /* FileModel.swift in Sources */,
				04BF4B431D36034D00732871 /* IModelFactory.swift in Sources */,
				04BF4B5E1D36601600732871 /* ILoggerProxy.swift in Sources */,
				04BF4B4C1D3620DF00732871 /* FileBrowserCommands.swift in Sources */,
				04BF4B461D36043800732871 /* MainMediator.swift in Sources */,
				047491461D35FF5A0069903F /* ProjectProblemTests.swift in Sources */,
			);
			runOnlyForDeploymentPostprocessing = 0;
		};
		047491481D35FF5A0069903F /* Sources */ = {
			isa = PBXSourcesBuildPhase;
			buildActionMask = 2147483647;
			files = (
				04BF4B711D3670F400732871 /* IModelFactory.swift in Sources */,
				04BF4B731D36724000732871 /* FileUI.swift in Sources */,
				04BF4B751D36743400732871 /* FileBrowserCommands.swift in Sources */,
				04BF4B651D366F6A00732871 /* ModelFactoryMock.swift in Sources */,
				04BF4B6F1D36706E00732871 /* LoggerProxyMock.swift in Sources */,
				04BF4B661D366FB000732871 /* MainMediator.swift in Sources */,
				04BF4B741D36724E00732871 /* ILoggerProxy.swift in Sources */,
				04BF4B761D3674E400732871 /* FileModel.swift in Sources */,
				04BF4B701D3670C400732871 /* IFileBrowserCommands.swift in Sources */,
				04BF4B6C1D36703000732871 /* FileSystemProxyMock.swift in Sources */,
				04BF4B721D3671F200732871 /* IFileSystemProxy.swift in Sources */,
				047491511D35FF5A0069903F /* ProjectProblemUITests.swift in Sources */,
			);
			runOnlyForDeploymentPostprocessing = 0;
		};
/* End PBXSourcesBuildPhase section */

/* Begin PBXTargetDependency section */
		047491431D35FF5A0069903F /* PBXTargetDependency */ = {
			isa = PBXTargetDependency;
			target = 0474912C1D35FF590069903F /* ProjectProblem */;
			targetProxy = 047491421D35FF5A0069903F /* PBXContainerItemProxy */;
		};
		0474914E1D35FF5A0069903F /* PBXTargetDependency */ = {
			isa = PBXTargetDependency;
			target = 0474912C1D35FF590069903F /* ProjectProblem */;
			targetProxy = 0474914D1D35FF5A0069903F /* PBXContainerItemProxy */;
		};
/* End PBXTargetDependency section */

/* Begin PBXVariantGroup section */
		047491341D35FF590069903F /* Main.storyboard */ = {
			isa = PBXVariantGroup;
			children = (
				047491351D35FF590069903F /* Base */,
			);
			name = Main.storyboard;
			sourceTree = "<group>";
		};
		047491391D35FF590069903F /* LaunchScreen.storyboard */ = {
			isa = PBXVariantGroup;
			children = (
				0474913A1D35FF590069903F /* Base */,
			);
			name = LaunchScreen.storyboard;
			sourceTree = "<group>";
		};
/* End PBXVariantGroup section */

/* Begin XCBuildConfiguration section */
		047491531D35FF5A0069903F /* Debug */ = {
			isa = XCBuildConfiguration;
			buildSettings = {
				ALWAYS_SEARCH_USER_PATHS = NO;
				CLANG_ANALYZER_NONNULL = YES;
				CLANG_CXX_LANGUAGE_STANDARD = "gnu++0x";
				CLANG_CXX_LIBRARY = "libc++";
				CLANG_ENABLE_MODULES = YES;
				CLANG_ENABLE_OBJC_ARC = YES;
				CLANG_WARN_BOOL_CONVERSION = YES;
				CLANG_WARN_CONSTANT_CONVERSION = YES;
				CLANG_WARN_DIRECT_OBJC_ISA_USAGE = YES_ERROR;
				CLANG_WARN_EMPTY_BODY = YES;
				CLANG_WARN_ENUM_CONVERSION = YES;
				CLANG_WARN_INT_CONVERSION = YES;
				CLANG_WARN_OBJC_ROOT_CLASS = YES_ERROR;
				CLANG_WARN_UNREACHABLE_CODE = YES;
				CLANG_WARN__DUPLICATE_METHOD_MATCH = YES;
				"CODE_SIGN_IDENTITY[sdk=iphoneos*]" = "iPhone Developer";
				COPY_PHASE_STRIP = NO;
				DEBUG_INFORMATION_FORMAT = dwarf;
				ENABLE_STRICT_OBJC_MSGSEND = YES;
				ENABLE_TESTABILITY = YES;
				GCC_C_LANGUAGE_STANDARD = gnu99;
				GCC_DYNAMIC_NO_PIC = NO;
				GCC_NO_COMMON_BLOCKS = YES;
				GCC_OPTIMIZATION_LEVEL = 0;
				GCC_PREPROCESSOR_DEFINITIONS = (
					"DEBUG=1",
					"$(inherited)",
				);
				GCC_WARN_64_TO_32_BIT_CONVERSION = YES;
				GCC_WARN_ABOUT_RETURN_TYPE = YES_ERROR;
				GCC_WARN_UNDECLARED_SELECTOR = YES;
				GCC_WARN_UNINITIALIZED_AUTOS = YES_AGGRESSIVE;
				GCC_WARN_UNUSED_FUNCTION = YES;
				GCC_WARN_UNUSED_VARIABLE = YES;
				IPHONEOS_DEPLOYMENT_TARGET = 9.3;
				MTL_ENABLE_DEBUG_INFO = YES;
				ONLY_ACTIVE_ARCH = YES;
				SDKROOT = iphoneos;
				SWIFT_OPTIMIZATION_LEVEL = "-Onone";
				TARGETED_DEVICE_FAMILY = "1,2";
			};
			name = Debug;
		};
		047491541D35FF5A0069903F /* Release */ = {
			isa = XCBuildConfiguration;
			buildSettings = {
				ALWAYS_SEARCH_USER_PATHS = NO;
				CLANG_ANALYZER_NONNULL = YES;
				CLANG_CXX_LANGUAGE_STANDARD = "gnu++0x";
				CLANG_CXX_LIBRARY = "libc++";
				CLANG_ENABLE_MODULES = YES;
				CLANG_ENABLE_OBJC_ARC = YES;
				CLANG_WARN_BOOL_CONVERSION = YES;
				CLANG_WARN_CONSTANT_CONVERSION = YES;
				CLANG_WARN_DIRECT_OBJC_ISA_USAGE = YES_ERROR;
				CLANG_WARN_EMPTY_BODY = YES;
				CLANG_WARN_ENUM_CONVERSION = YES;
				CLANG_WARN_INT_CONVERSION = YES;
				CLANG_WARN_OBJC_ROOT_CLASS = YES_ERROR;
				CLANG_WARN_UNREACHABLE_CODE = YES;
				CLANG_WARN__DUPLICATE_METHOD_MATCH = YES;
				"CODE_SIGN_IDENTITY[sdk=iphoneos*]" = "iPhone Developer";
				COPY_PHASE_STRIP = NO;
				DEBUG_INFORMATION_FORMAT = "dwarf-with-dsym";
				ENABLE_NS_ASSERTIONS = NO;
				ENABLE_STRICT_OBJC_MSGSEND = YES;
				GCC_C_LANGUAGE_STANDARD = gnu99;
				GCC_NO_COMMON_BLOCKS = YES;
				GCC_WARN_64_TO_32_BIT_CONVERSION = YES;
				GCC_WARN_ABOUT_RETURN_TYPE = YES_ERROR;
				GCC_WARN_UNDECLARED_SELECTOR = YES;
				GCC_WARN_UNINITIALIZED_AUTOS = YES_AGGRESSIVE;
				GCC_WARN_UNUSED_FUNCTION = YES;
				GCC_WARN_UNUSED_VARIABLE = YES;
				IPHONEOS_DEPLOYMENT_TARGET = 9.3;
				MTL_ENABLE_DEBUG_INFO = NO;
				SDKROOT = iphoneos;
				TARGETED_DEVICE_FAMILY = "1,2";
				VALIDATE_PRODUCT = YES;
			};
			name = Release;
		};
		047491561D35FF5A0069903F /* Debug */ = {
			isa = XCBuildConfiguration;
			buildSettings = {
				ASSETCATALOG_COMPILER_APPICON_NAME = AppIcon;
				ASSETCATALOG_COMPILER_LAUNCHIMAGE_NAME = "Brand Assets";
				INFOPLIST_FILE = ProjectProblem/Info.plist;
				LD_RUNPATH_SEARCH_PATHS = "$(inherited) @executable_path/Frameworks";
				PRODUCT_BUNDLE_IDENTIFIER = com.cortica.test.ProjectProblem;
				PRODUCT_NAME = "$(TARGET_NAME)";
			};
			name = Debug;
		};
		047491571D35FF5A0069903F /* Release */ = {
			isa = XCBuildConfiguration;
			buildSettings = {
				ASSETCATALOG_COMPILER_APPICON_NAME = AppIcon;
				ASSETCATALOG_COMPILER_LAUNCHIMAGE_NAME = "Brand Assets";
				INFOPLIST_FILE = ProjectProblem/Info.plist;
				LD_RUNPATH_SEARCH_PATHS = "$(inherited) @executable_path/Frameworks";
				PRODUCT_BUNDLE_IDENTIFIER = com.cortica.test.ProjectProblem;
				PRODUCT_NAME = "$(TARGET_NAME)";
			};
			name = Release;
		};
		047491591D35FF5A0069903F /* Debug */ = {
			isa = XCBuildConfiguration;
			buildSettings = {
				BUNDLE_LOADER = "$(TEST_HOST)";
				INFOPLIST_FILE = ProjectProblemTests/Info.plist;
				LD_RUNPATH_SEARCH_PATHS = "$(inherited) @executable_path/Frameworks @loader_path/Frameworks";
				PRODUCT_BUNDLE_IDENTIFIER = com.cortica.test.ProjectProblemTests;
				PRODUCT_NAME = "$(TARGET_NAME)";
				TEST_HOST = "$(BUILT_PRODUCTS_DIR)/ProjectProblem.app/ProjectProblem";
			};
			name = Debug;
		};
		0474915A1D35FF5A0069903F /* Release */ = {
			isa = XCBuildConfiguration;
			buildSettings = {
				BUNDLE_LOADER = "$(TEST_HOST)";
				INFOPLIST_FILE = ProjectProblemTests/Info.plist;
				LD_RUNPATH_SEARCH_PATHS = "$(inherited) @executable_path/Frameworks @loader_path/Frameworks";
				PRODUCT_BUNDLE_IDENTIFIER = com.cortica.test.ProjectProblemTests;
				PRODUCT_NAME = "$(TARGET_NAME)";
				TEST_HOST = "$(BUILT_PRODUCTS_DIR)/ProjectProblem.app/ProjectProblem";
			};
			name = Release;
		};
		0474915C1D35FF5A0069903F /* Debug */ = {
			isa = XCBuildConfiguration;
			buildSettings = {
				INFOPLIST_FILE = ProjectProblemUITests/Info.plist;
				LD_RUNPATH_SEARCH_PATHS = "$(inherited) @executable_path/Frameworks @loader_path/Frameworks";
				PRODUCT_BUNDLE_IDENTIFIER = com.cortica.test.ProjectProblemUITests;
				PRODUCT_NAME = "$(TARGET_NAME)";
				TEST_TARGET_NAME = ProjectProblem;
			};
			name = Debug;
		};
		0474915D1D35FF5A0069903F /* Release */ = {
			isa = XCBuildConfiguration;
			buildSettings = {
				INFOPLIST_FILE = ProjectProblemUITests/Info.plist;
				LD_RUNPATH_SEARCH_PATHS = "$(inherited) @executable_path/Frameworks @loader_path/Frameworks";
				PRODUCT_BUNDLE_IDENTIFIER = com.cortica.test.ProjectProblemUITests;
				PRODUCT_NAME = "$(TARGET_NAME)";
				TEST_TARGET_NAME = ProjectProblem;
			};
			name = Release;
		};
/* End XCBuildConfiguration section */

/* Begin XCConfigurationList section */
		047491281D35FF590069903F /* Build configuration list for PBXProject "ProjectProblem" */ = {
			isa = XCConfigurationList;
			buildConfigurations = (
				047491531D35FF5A0069903F /* Debug */,
				047491541D35FF5A0069903F /* Release */,
			);
			defaultConfigurationIsVisible = 0;
			defaultConfigurationName = Release;
		};
		047491551D35FF5A0069903F /* Build configuration list for PBXNativeTarget "ProjectProblem" */ = {
			isa = XCConfigurationList;
			buildConfigurations = (
				047491561D35FF5A0069903F /* Debug */,
				047491571D35FF5A0069903F /* Release */,
			);
			defaultConfigurationIsVisible = 0;
			defaultConfigurationName = Release;
		};
		047491581D35FF5A0069903F /* Build configuration list for PBXNativeTarget "ProjectProblemTests" */ = {
			isa = XCConfigurationList;
			buildConfigurations = (
				047491591D35FF5A0069903F /* Debug */,
				0474915A1D35FF5A0069903F /* Release */,
			);
			defaultConfigurationIsVisible = 0;
			defaultConfigurationName = Release;
		};
		0474915B1D35FF5A0069903F /* Build configuration list for PBXNativeTarget "ProjectProblemUITests" */ = {
			isa = XCConfigurationList;
			buildConfigurations = (
				0474915C1D35FF5A0069903F /* Debug */,
				0474915D1D35FF5A0069903F /* Release */,
			);
			defaultConfigurationIsVisible = 0;
			defaultConfigurationName = Release;
		};
/* End XCConfigurationList section */
	};
	rootObject = 047491251D35FF590069903F /* Project object */;
}
